
Microsoft Visual Studio Solution File, Format Version 12.00
# Visual Studio 15
VisualStudioVersion = 15.0.28307.421
MinimumVisualStudioVersion = 10.0.40219.1
Project("{FAE04EC0-301F-11D3-BF4B-00C04F79EFBC}") = "Deliverable1", "Assignment1\Deliverable1.csproj", "{5F762CFC-41EB-467E-AFE5-7BDC3FEB81BC}"
EndProject
Global
	GlobalSection(SolutionConfigurationPlatforms) = preSolution
		Debug|Any CPU = Debug|Any CPU
		Release|Any CPU = Release|Any CPU
	EndGlobalSection
	GlobalSection(ProjectConfigurationPlatforms) = postSolution
		{5F762CFC-41EB-467E-AFE5-7BDC3FEB81BC}.Debug|Any CPU.ActiveCfg = Debug|Any CPU
		{5F762CFC-41EB-467E-AFE5-7BDC3FEB81BC}.Debug|Any CPU.Build.0 = Debug|Any CPU
		{5F762CFC-41EB-467E-AFE5-7BDC3FEB81BC}.Release|Any CPU.ActiveCfg = Release|Any CPU
		{5F762CFC-41EB-467E-AFE5-7BDC3FEB81BC}.Release|Any CPU.Build.0 = Release|Any CPU
	EndGlobalSection
	GlobalSection(SolutionProperties) = preSolution
		HideSolutionNode = FALSE
	EndGlobalSection
	GlobalSection(ExtensibilityGlobals) = postSolution
		SolutionGuid = {88FDAE16-9F30-41A8-8913-C3671EDDC1EE}
	EndGlobalSection
EndGlobal
